{
    "_readme": [
        "This file locks the dependencies of your project to a known state",
        "Read more about it at https://getcomposer.org/doc/01-basic-usage.md#installing-dependencies",
        "This file is @generated automatically"
    ],
    "content-hash": "ce3487818c63bbf676a8182d42933759",
    "packages": [
        {
            "name": "marwan/libary",
            "version": "dev-master",
            "source": {
                "type": "git",
                "url": "https://github.com/Marwan270600/libary.git",
                "reference": "686551345f410881ca449c265b3ef0b329b21454"
            },
            "dist": {
                "type": "zip",
                "url": "https://api.github.com/repos/Marwan270600/libary/zipball/686551345f410881ca449c265b3ef0b329b21454",
                "reference": "686551345f410881ca449c265b3ef0b329b21454",
                "shasum": ""
            },
            "type": "library",
            "autoload": {
                "psr-4": {
                    "marwan\\libary\\": "src/"
                }
            },
            "license": [
                "GPL"
            ],
            "authors": [
                {
                    "name": "Marwan",
                    "email": "4160@htl.rennweg.at"
                }
            ],
            "support": {
                "source": "https://github.com/Marwan270600/libary/tree/master",
                "issues": "https://github.com/Marwan270600/libary/issues"
            },
            "time": "2018-05-07T21:57:39+00:00"
        },
        {
            "name": "typo3fluid/fluid",
            "version": "2.5.3",
            "source": {
                "type": "git",
                "url": "https://github.com/TYPO3/Fluid.git",
                "reference": "c73ee75275eb5e4db7f158df03116fd594f33dde"
            },
            "dist": {
                "type": "zip",
                "url": "https://api.github.com/repos/TYPO3/Fluid/zipball/c73ee75275eb5e4db7f158df03116fd594f33dde",
                "reference": "c73ee75275eb5e4db7f158df03116fd594f33dde",
                "shasum": ""
            },
            "require": {
                "php": ">=5.5.0"
            },
            "require-dev": {
                "mikey179/vfsstream": "^1.6",
                "phpunit/phpunit": "^4.8",
                "satooshi/php-coveralls": "^1.0",
                "squizlabs/php_codesniffer": "^2.7"
            },
            "bin": [
                "bin/fluid"
            ],
            "type": "library",
            "autoload": {
                "psr-4": {
                    "TYPO3Fluid\\Fluid\\": "src/"
                }
            },
            "notification-url": "https://packagist.org/downloads/",
            "license": [
                "LGPL-3.0-or-later"
            ],
            "description": "The TYPO3 Fluid template rendering engine",
            "time": "2018-03-08T16:24:54+00:00"
        }
    ],
    "packages-dev": [],
    "aliases": [],
    "minimum-stability": "stable",
    "stability-flags": {
        "marwan/libary": 20
    },
    "prefer-stable": false,
    "prefer-lowest": false,
    "platform": [],
    "platform-dev": []
}
